// !$*UTF8*$!
{
	archiveVersion = 1;
	classes = {
	};
	objectVersion = 46;
	objects = {

/* Begin PBXBuildFile section */
		A30E15991C3F198D008FCDAE /* AppDelegate.swift in Sources */ = {isa = PBXBuildFile; fileRef = A30E15981C3F198D008FCDAE /* AppDelegate.swift */; };
		A30E159B1C3F198D008FCDAE /* ViewController.swift in Sources */ = {isa = PBXBuildFile; fileRef = A30E159A1C3F198D008FCDAE /* ViewController.swift */; };
		A30E159E1C3F198D008FCDAE /* Main.storyboard in Resources */ = {isa = PBXBuildFile; fileRef = A30E159C1C3F198D008FCDAE /* Main.storyboard */; };
		A30E15A01C3F198D008FCDAE /* Assets.xcassets in Resources */ = {isa = PBXBuildFile; fileRef = A30E159F1C3F198D008FCDAE /* Assets.xcassets */; };
		A30E15A31C3F198D008FCDAE /* LaunchScreen.storyboard in Resources */ = {isa = PBXBuildFile; fileRef = A30E15A11C3F198D008FCDAE /* LaunchScreen.storyboard */; };
/* End PBXBuildFile section */

/* Begin PBXFileReference section */
		A30E15951C3F198D008FCDAE /* Reddit.app */ = {isa = PBXFileReference; explicitFileType = wrapper.application; includeInIndex = 0; path = Reddit.app; sourceTree = BUILT_PRODUCTS_DIR; };
		A30E15981C3F198D008FCDAE /* AppDelegate.swift */ = {isa = PBXFileReference; lastKnownFileType = sourcecode.swift; path = AppDelegate.swift; sourceTree = "<group>"; };
		A30E159A1C3F198D008FCDAE /* ViewController.swift */ = {isa = PBXFileReference; lastKnownFileType = sourcecode.swift; path = ViewController.swift; sourceTree = "<group>"; };
		A30E159D1C3F198D008FCDAE /* Base */ = {isa = PBXFileReference; lastKnownFileType = file.storyboard; name = Base; path = Base.lproj/Main.storyboard; sourceTree = "<group>"; };
		A30E159F1C3F198D008FCDAE /* Assets.xcassets */ = {isa = PBXFileReference; lastKnownFileType = folder.assetcatalog; path = Assets.xcassets; sourceTree = "<group>"; };
		A30E15A21C3F198D008FCDAE /* Base */ = {isa = PBXFileReference; lastKnownFileType = file.storyboard; name = Base; path = Base.lproj/LaunchScreen.storyboard; sourceTree = "<group>"; };
		A30E15A41C3F198D008FCDAE /* Info.plist */ = {isa = PBXFileReference; lastKnownFileType = text.plist.xml; path = Info.plist; sourceTree = "<group>"; };
/* End PBXFileReference section */

/* Begin PBXFrameworksBuildPhase section */
		A30E15921C3F198D008FCDAE /* Frameworks */ = {
			isa = PBXFrameworksBuildPhase;
			buildActionMask = 2147483647;
			files = (
			);
			runOnlyForDeploymentPostprocessing = 0;
		};
/* End PBXFrameworksBuildPhase section */

/* Begin PBXGroup section */
		A30E158C1C3F198D008FCDAE = {
			isa = PBXGroup;
			children = (
				A30E15971C3F198D008FCDAE /* Reddit */,
				A30E15961C3F198D008FCDAE /* Products */,
			);
			sourceTree = "<group>";
		};
		A30E15961C3F198D008FCDAE /* Products */ = {
			isa = PBXGroup;
			children = (
				A30E15951C3F198D008FCDAE /* Reddit.app */,
			);
			name = Products;
			sourceTree = "<group>";
		};
		A30E15971C3F198D008FCDAE /* Reddit */ = {
			isa = PBXGroup;
			children = (
				A30E15981C3F198D008FCDAE /* AppDelegate.swift */,
				A30E159A1C3F198D008FCDAE /* ViewController.swift */,
				A30E159C1C3F198D008FCDAE /* Main.storyboard */,
				A30E159F1C3F198D008FCDAE /* Assets.xcassets */,
				A30E15A11C3F198D008FCDAE /* LaunchScreen.storyboard */,
				A30E15A41C3F198D008FCDAE /* Info.plist */,
			);
			path = Reddit;
			sourceTree = "<group>";
		};
/* End PBXGroup section */

/* Begin PBXNativeTarget section */
		A30E15941C3F198D008FCDAE /* Reddit */ = {
			isa = PBXNativeTarget;
			buildConfigurationList = A30E15A71C3F198D008FCDAE /* Build configuration list for PBXNativeTarget "Reddit" */;
			buildPhases = (
				A30E15911C3F198D008FCDAE /* Sources */,
				A30E15921C3F198D008FCDAE /* Frameworks */,
				A30E15931C3F198D008FCDAE /* Resources */,
			);
			buildRules = (
			);
			dependencies = (
			);
			name = Reddit;
			productName = Reddit;
			productReference = A30E15951C3F198D008FCDAE /* Reddit.app */;
			productType = "com.apple.product-type.application";
		};
/* End PBXNativeTarget section */

/* Begin PBXProject section */
		A30E158D1C3F198D008FCDAE /* Project object */ = {
			isa = PBXProject;
			attributes = {
				LastSwiftUpdateCheck = 0720;
				LastUpgradeCheck = 0720;
				ORGANIZATIONNAME = "Rutger Benoot";
				TargetAttributes = {
					A30E15941C3F198D008FCDAE = {
						CreatedOnToolsVersion = 7.2;
					};
				};
			};
			buildConfigurationList = A30E15901C3F198D008FCDAE /* Build configuration list for PBXProject "Reddit" */;
			compatibilityVersion = "Xcode 3.2";
			developmentRegion = English;
			hasScannedForEncodings = 0;
			knownRegions = (
				en,
				Base,
			);
			mainGroup = A30E158C1C3F198D008FCDAE;
			productRefGroup = A30E15961C3F198D008FCDAE /* Products */;
			projectDirPath = "";
			projectRoot = "";
			targets = (
				A30E15941C3F198D008FCDAE /* Reddit */,
			);
		};
/* End PBXProject section */

/* Begin PBXResourcesBuildPhase section */
		A30E15931C3F198D008FCDAE /* Resources */ = {
			isa = PBXResourcesBuildPhase;
			buildActionMask = 2147483647;
			files = (
				A30E15A31C3F198D008FCDAE /* LaunchScreen.storyboard in Resources */,
				A30E15A01C3F198D008FCDAE /* Assets.xcassets in Resources */,
				A30E159E1C3F198D008FCDAE /* Main.storyboard in Resources */,
			);
			runOnlyForDeploymentPostprocessing = 0;
		};
/* End PBXResourcesBuildPhase section */

/* Begin PBXSourcesBuildPhase section */
		A30E15911C3F198D008FCDAE /* Sources */ = {
			isa = PBXSourcesBuildPhase;
			buildActionMask = 2147483647;
			files = (
				A30E159B1C3F198D008FCDAE /* ViewController.swift in Sources */,
				A30E15991C3F198D008FCDAE /* AppDelegate.swift in Sources */,
			);
			runOnlyForDeploymentPostprocessing = 0;
		};
/* End PBXSourcesBuildPhase section */

/* Begin PBXVariantGroup section */
		A30E159C1C3F198D008FCDAE /* Main.storyboard */ = {
			isa = PBXVariantGroup;
			children = (
				A30E159D1C3F198D008FCDAE /* Base */,
			);
			name = Main.storyboard;
			sourceTree = "<group>";
		};
		A30E15A11C3F198D008FCDAE /* LaunchScreen.storyboard */ = {
			isa = PBXVariantGroup;
			children = (
				A30E15A21C3F198D008FCDAE /* Base */,
			);
			name = LaunchScreen.storyboard;
			sourceTree = "<group>";
		};
/* End PBXVariantGroup section */

/* Begin XCBuildConfiguration section */
		A30E15A51C3F198D008FCDAE /* Debug */ = {
			isa = XCBuildConfiguration;
			buildSettings = {
				ALWAYS_SEARCH_USER_PATHS = NO;
				CLANG_CXX_LANGUAGE_STANDARD = "gnu++0x";
				CLANG_CXX_LIBRARY = "libc++";
				CLANG_ENABLE_MODULES = YES;
				CLANG_ENABLE_OBJC_ARC = YES;
				CLANG_WARN_BOOL_CONVERSION = YES;
				CLANG_WARN_CONSTANT_CONVERSION = YES;
				CLANG_WARN_DIRECT_OBJC_ISA_USAGE = YES_ERROR;
				CLANG_WARN_EMPTY_BODY = YES;
				CLANG_WARN_ENUM_CONVERSION = YES;
				CLANG_WARN_INT_CONVERSION = YES;
				CLANG_WARN_OBJC_ROOT_CLASS = YES_ERROR;
				CLANG_WARN_UNREACHABLE_CODE = YES;
				CLANG_WARN__DUPLICATE_METHOD_MATCH = YES;
				"CODE_SIGN_IDENTITY[sdk=iphoneos*]" = "iPhone Developer";
				COPY_PHASE_STRIP = NO;
				DEBUG_INFORMATION_FORMAT = dwarf;
				ENABLE_STRICT_OBJC_MSGSEND = YES;
				ENABLE_TESTABILITY = YES;
				GCC_C_LANGUAGE_STANDARD = gnu99;
				GCC_DYNAMIC_NO_PIC = NO;
				GCC_NO_COMMON_BLOCKS = YES;
				GCC_OPTIMIZATION_LEVEL = 0;
				GCC_PREPROCESSOR_DEFINITIONS = (
					"DEBUG=1",
					"$(inherited)",
				);
				GCC_WARN_64_TO_32_BIT_CONVERSION = YES;
				GCC_WARN_ABOUT_RETURN_TYPE = YES_ERROR;
				GCC_WARN_UNDECLARED_SELECTOR = YES;
				GCC_WARN_UNINITIALIZED_AUTOS = YES_AGGRESSIVE;
				GCC_WARN_UNUSED_FUNCTION = YES;
				GCC_WARN_UNUSED_VARIABLE = YES;
				IPHONEOS_DEPLOYMENT_TARGET = 9.2;
				MTL_ENABLE_DEBUG_INFO = YES;
				ONLY_ACTIVE_ARCH = YES;
				SDKROOT = iphoneos;
				SWIFT_OPTIMIZATION_LEVEL = "-Onone";
				TARGETED_DEVICE_FAMILY = "1,2";
			};
			name = Debug;
		};
		A30E15A61C3F198D008FCDAE /* Release */ = {
			isa = XCBuildConfiguration;
			buildSettings = {
				ALWAYS_SEARCH_USER_PATHS = NO;
				CLANG_CXX_LANGUAGE_STANDARD = "gnu++0x";
				CLANG_CXX_LIBRARY = "libc++";
				CLANG_ENABLE_MODULES = YES;
				CLANG_ENABLE_OBJC_ARC = YES;
				CLANG_WARN_BOOL_CONVERSION = YES;
				CLANG_WARN_CONSTANT_CONVERSION = YES;
				CLANG_WARN_DIRECT_OBJC_ISA_USAGE = YES_ERROR;
				CLANG_WARN_EMPTY_BODY = YES;
				CLANG_WARN_ENUM_CONVERSION = YES;
				CLANG_WARN_INT_CONVERSION = YES;
				CLANG_WARN_OBJC_ROOT_CLASS = YES_ERROR;
				CLANG_WARN_UNREACHABLE_CODE = YES;
				CLANG_WARN__DUPLICATE_METHOD_MATCH = YES;
				"CODE_SIGN_IDENTITY[sdk=iphoneos*]" = "iPhone Developer";
				COPY_PHASE_STRIP = NO;
				DEBUG_INFORMATION_FORMAT = "dwarf-with-dsym";
				ENABLE_NS_ASSERTIONS = NO;
				ENABLE_STRICT_OBJC_MSGSEND = YES;
				GCC_C_LANGUAGE_STANDARD = gnu99;
				GCC_NO_COMMON_BLOCKS = YES;
				GCC_WARN_64_TO_32_BIT_CONVERSION = YES;
				GCC_WARN_ABOUT_RETURN_TYPE = YES_ERROR;
				GCC_WARN_UNDECLARED_SELECTOR = YES;
				GCC_WARN_UNINITIALIZED_AUTOS = YES_AGGRESSIVE;
				GCC_WARN_UNUSED_FUNCTION = YES;
				GCC_WARN_UNUSED_VARIABLE = YES;
				IPHONEOS_DEPLOYMENT_TARGET = 9.2;
				MTL_ENABLE_DEBUG_INFO = NO;
				SDKROOT = iphoneos;
				TARGETED_DEVICE_FAMILY = "1,2";
				VALIDATE_PRODUCT = YES;
			};
			name = Release;
		};
		A30E15A81C3F198D008FCDAE /* Debug */ = {
			isa = XCBuildConfiguration;
			buildSettings = {
				ASSETCATALOG_COMPILER_APPICON_NAME = AppIcon;
				INFOPLIST_FILE = Reddit/Info.plist;
				LD_RUNPATH_SEARCH_PATHS = "$(inherited) @executable_path/Frameworks";
				PRODUCT_BUNDLE_IDENTIFIER = rbenoot.Reddit;
				PRODUCT_NAME = "$(TARGET_NAME)";
			};
			name = Debug;
		};
		A30E15A91C3F198D008FCDAE /* Release */ = {
			isa = XCBuildConfiguration;
			buildSettings = {
				ASSETCATALOG_COMPILER_APPICON_NAME = AppIcon;
				INFOPLIST_FILE = Reddit/Info.plist;
				LD_RUNPATH_SEARCH_PATHS = "$(inherited) @executable_path/Frameworks";
				PRODUCT_BUNDLE_IDENTIFIER = rbenoot.Reddit;
				PRODUCT_NAME = "$(TARGET_NAME)";
			};
			name = Release;
		};
/* End XCBuildConfiguration section */

/* Begin XCConfigurationList section */
		A30E15901C3F198D008FCDAE /* Build configuration list for PBXProject "Reddit" */ = {
			isa = XCConfigurationList;
			buildConfigurations = (
				A30E15A51C3F198D008FCDAE /* Debug */,
				A30E15A61C3F198D008FCDAE /* Release */,
			);
			defaultConfigurationIsVisible = 0;
			defaultConfigurationName = Release;
		};
		A30E15A71C3F198D008FCDAE /* Build configuration list for PBXNativeTarget "Reddit" */ = {
			isa = XCConfigurationList;
			buildConfigurations = (
				A30E15A81C3F198D008FCDAE /* Debug */,
				A30E15A91C3F198D008FCDAE /* Release */,
			);
			defaultConfigurationIsVisible = 0;
		};
/* End XCConfigurationList section */
	};
	rootObject = A30E158D1C3F198D008FCDAE /* Project object */;
}
